PODS:
  - Flutter (1.0.0)
  - integration_test (0.0.1):
    - Flutter
  - radio_player (2.2.0):
    - Flutter

DEPENDENCIES:
  - Flutter (from `Flutter`)
  - integration_test (from `.symlinks/plugins/integration_test/ios`)
  - radio_player (from `.symlinks/plugins/radio_player/ios`)

EXTERNAL SOURCES:
  Flutter:
    :path: Flutter
  integration_test:
    :path: ".symlinks/plugins/integration_test/ios"
  radio_player:
    :path: ".symlinks/plugins/radio_player/ios"

SPEC CHECKSUMS:
  Flutter: e0871f40cf51350855a761d2e70bf5af5b9b5de7
  integration_test: 252f60fa39af5e17c3aa9899d35d908a0721b573
  radio_player: 5e8098b39543a6c5501f2253adbc6618f3277482

PODFILE CHECKSUM: 53a6aebc29ccee84c41f92f409fc20cd4ca011f1

COCOAPODS: 1.16.2
